
Microsoft Visual Studio Solution File, Format Version 12.00
# Visual Studio for Mac
Project("{FAE04EC0-301F-11D3-BF4B-00C04F79EFBC}") = "Assembly-CSharp", "Assembly-CSharp.csproj", "{3494CEE8-50DF-E565-349F-72491A55BED0}"
EndProject
Project("{FAE04EC0-301F-11D3-BF4B-00C04F79EFBC}") = "Assembly-CSharp-firstpass", "Assembly-CSharp-firstpass.csproj", "{B484C401-E0A5-8184-8D4E-1061F89C3D62}"
EndProject
Project("{FAE04EC0-301F-11D3-BF4B-00C04F79EFBC}") = "Assembly-CSharp-Editor", "Assembly-CSharp-Editor.csproj", "{D6395B87-F61A-D330-9345-164132E87436}"
EndProject
Global
	GlobalSection(SolutionConfigurationPlatforms) = preSolution
		Debug|Any CPU = Debug|Any CPU
		Release|Any CPU = Release|Any CPU
	EndGlobalSection
	GlobalSection(ProjectConfigurationPlatforms) = postSolution
		{3494CEE8-50DF-E565-349F-72491A55BED0}.Debug|Any CPU.ActiveCfg = Debug|Any CPU
		{3494CEE8-50DF-E565-349F-72491A55BED0}.Debug|Any CPU.Build.0 = Debug|Any CPU
		{3494CEE8-50DF-E565-349F-72491A55BED0}.Release|Any CPU.ActiveCfg = Release|Any CPU
		{3494CEE8-50DF-E565-349F-72491A55BED0}.Release|Any CPU.Build.0 = Release|Any CPU
		{B484C401-E0A5-8184-8D4E-1061F89C3D62}.Debug|Any CPU.ActiveCfg = Debug|Any CPU
		{B484C401-E0A5-8184-8D4E-1061F89C3D62}.Debug|Any CPU.Build.0 = Debug|Any CPU
		{B484C401-E0A5-8184-8D4E-1061F89C3D62}.Release|Any CPU.ActiveCfg = Release|Any CPU
		{B484C401-E0A5-8184-8D4E-1061F89C3D62}.Release|Any CPU.Build.0 = Release|Any CPU
		{D6395B87-F61A-D330-9345-164132E87436}.Debug|Any CPU.ActiveCfg = Debug|Any CPU
		{D6395B87-F61A-D330-9345-164132E87436}.Debug|Any CPU.Build.0 = Debug|Any CPU
		{D6395B87-F61A-D330-9345-164132E87436}.Release|Any CPU.ActiveCfg = Release|Any CPU
		{D6395B87-F61A-D330-9345-164132E87436}.Release|Any CPU.Build.0 = Release|Any CPU
	EndGlobalSection
	GlobalSection(SolutionProperties) = preSolution
		HideSolutionNode = FALSE
	EndGlobalSection
EndGlobal
